PODS:
  - Nimble (7.3.4)
  - Quick (1.2.0)
  - WXBase (0.1.0)

DEPENDENCIES:
  - Nimble (~> 7.0)
  - Quick (~> 1.2.0)
  - WXBase (from `../`)

SPEC REPOS:
  trunk:
    - Nimble
    - Quick

EXTERNAL SOURCES:
  WXBase:
    :path: "../"

SPEC CHECKSUMS:
  Nimble: 051e3d8912d40138fa5591c78594f95fb172af37
  Quick: 58d203b1c5e27fff7229c4c1ae445ad7069a7a08
  WXBase: e556a807e8b1dffa0a4fa15815c0fff36b63cb32

PODFILE CHECKSUM: b2a184c9e23e71d0e0c1ab9a41ba8675b7589f7a

COCOAPODS: 1.9.3
